
Microsoft Visual Studio Solution File, Format Version 12.00
# Visual Studio Version 17
VisualStudioVersion = 17.10.35013.160
MinimumVisualStudioVersion = 10.0.40219.1
Project("{F184B08F-C81C-45F6-A57F-5ABD9991F28F}") = "SidelyForm", "SidelyForm.vbproj", "{D0A696E9-267C-4A04-96FF-E5BFD9F569D8}"
EndProject
Global
	GlobalSection(SolutionConfigurationPlatforms) = preSolution
		Debug|Any CPU = Debug|Any CPU
		Release|Any CPU = Release|Any CPU
	EndGlobalSection
	GlobalSection(ProjectConfigurationPlatforms) = postSolution
		{D0A696E9-267C-4A04-96FF-E5BFD9F569D8}.Debug|Any CPU.ActiveCfg = Debug|Any CPU
		{D0A696E9-267C-4A04-96FF-E5BFD9F569D8}.Debug|Any CPU.Build.0 = Debug|Any CPU
		{D0A696E9-267C-4A04-96FF-E5BFD9F569D8}.Release|Any CPU.ActiveCfg = Release|Any CPU
		{D0A696E9-267C-4A04-96FF-E5BFD9F569D8}.Release|Any CPU.Build.0 = Release|Any CPU
	EndGlobalSection
	GlobalSection(SolutionProperties) = preSolution
		HideSolutionNode = FALSE
	EndGlobalSection
	GlobalSection(ExtensibilityGlobals) = postSolution
		SolutionGuid = {BDDC0840-590E-4DA6-BE88-715F21D29E7D}
	EndGlobalSection
EndGlobal
